// !$*UTF8*$!
{
	archiveVersion = 1;
	classes = {
	};
	objectVersion = 77;
	objects = {

/* Begin PBXGroup section */
		B0CDCEC93059E2EF00E4EC47 = {
			isa = PBXGroup;
			children = (
			);
			sourceTree = "<group>";
		};
/* End PBXGroup section */

/* Begin PBXProject section */
		B0CDCECA3059E2EF00E4EC47 /* Project object */ = {
			isa = PBXProject;
			attributes = {
				BuildIndependentTargetsInParallel = 1;
				LastUpgradeCheck = 2640;
			};
			buildConfigurationList = B0CDCECD3059E2EF00E4EC47 /* Build configuration list for PBXProject "GameboyEmulator" */;
			developmentRegion = en;
			hasScannedForEncodings = 0;
			knownRegions = (
				en,
				Base,
			);
			mainGroup = B0CDCEC93059E2EF00E4EC47;
			minimizedProjectReferenceProxies = 1;
			preferredProjectObjectVersion = 77;
			projectDirPath = "";
			projectRoot = "";
			targets = (
			);
		};
/* End PBXProject section */

/* Begin XCBuildConfiguration section */
		B0CDCECE3059E2EF00E4EC47 /* Debug */ = {
			isa = XCBuildConfiguration;
			buildSettings = {
			};
			name = Debug;
		};
		B0CDCECF3059E2EF00E4EC47 /* Release */ = {
			isa = XCBuildConfiguration;
			buildSettings = {
			};
			name = Release;
		};
/* End XCBuildConfiguration section */

/* Begin XCConfigurationList section */
		B0CDCECD3059E2EF00E4EC47 /* Build configuration list for PBXProject "GameboyEmulator" */ = {
			isa = XCConfigurationList;
			buildConfigurations = (
				B0CDCECE3059E2EF00E4EC47 /* Debug */,
				B0CDCECF3059E2EF00E4EC47 /* Release */,
			);
			defaultConfigurationIsVisible = 0;
			defaultConfigurationName = Release;
		};
/* End XCConfigurationList section */
	};
	rootObject = B0CDCECA3059E2EF00E4EC47 /* Project object */;
}
